{
  "requires": true,
  "lockfileVersion": 1,
  "dependencies": {
    "use-media-size": {
      "version": "1.0.5",
      "resolved": "https://registry.npmjs.org/use-media-size/-/use-media-size-1.0.5.tgz",
      "integrity": "sha512-1RC/+DyQ0TJiJTBR7k6oIge2Aqxu90fGOWh9lsa6vEjB/jVegrUJgBDbVn+iQKDJeLe66kNPachxgBFwlOj5aA=="
    }
  }
}
